// !$*UTF8*$!
{
	archiveVersion = 1;
	classes = {
	};
	objectVersion = 50;
	objects = {

/* Begin PBXBuildFile section */
		3B60238C24D3D6D200E29961 /* AppDelegate.swift in Sources */ = {isa = PBXBuildFile; fileRef = 3B60238B24D3D6D200E29961 /* AppDelegate.swift */; };
		3B60238E24D3D6D200E29961 /* ViewController.swift in Sources */ = {isa = PBXBuildFile; fileRef = 3B60238D24D3D6D200E29961 /* ViewController.swift */; };
		3B60239124D3D6D200E29961 /* Main.storyboard in Resources */ = {isa = PBXBuildFile; fileRef = 3B60238F24D3D6D200E29961 /* Main.storyboard */; };
		3B60239424D3D6D200E29961 /* iosGroupProject.xcdatamodeld in Sources */ = {isa = PBXBuildFile; fileRef = 3B60239224D3D6D200E29961 /* iosGroupProject.xcdatamodeld */; };
		3B60239624D3D6D600E29961 /* Assets.xcassets in Resources */ = {isa = PBXBuildFile; fileRef = 3B60239524D3D6D600E29961 /* Assets.xcassets */; };
		3B60239924D3D6D600E29961 /* LaunchScreen.storyboard in Resources */ = {isa = PBXBuildFile; fileRef = 3B60239724D3D6D600E29961 /* LaunchScreen.storyboard */; };
		3B6023A424D3D6D600E29961 /* iosGroupProjectTests.swift in Sources */ = {isa = PBXBuildFile; fileRef = 3B6023A324D3D6D600E29961 /* iosGroupProjectTests.swift */; };
		3B6023AF24D3D6D600E29961 /* iosGroupProjectUITests.swift in Sources */ = {isa = PBXBuildFile; fileRef = 3B6023AE24D3D6D600E29961 /* iosGroupProjectUITests.swift */; };
/* End PBXBuildFile section */

/* Begin PBXContainerItemProxy section */
		3B6023A024D3D6D600E29961 /* PBXContainerItemProxy */ = {
			isa = PBXContainerItemProxy;
			containerPortal = 3B60238024D3D6D200E29961 /* Project object */;
			proxyType = 1;
			remoteGlobalIDString = 3B60238724D3D6D200E29961;
			remoteInfo = iosGroupProject;
		};
		3B6023AB24D3D6D600E29961 /* PBXContainerItemProxy */ = {
			isa = PBXContainerItemProxy;
			containerPortal = 3B60238024D3D6D200E29961 /* Project object */;
			proxyType = 1;
			remoteGlobalIDString = 3B60238724D3D6D200E29961;
			remoteInfo = iosGroupProject;
		};
/* End PBXContainerItemProxy section */

/* Begin PBXFileReference section */
		3B60238824D3D6D200E29961 /* iosGroupProject.app */ = {isa = PBXFileReference; explicitFileType = wrapper.application; includeInIndex = 0; path = iosGroupProject.app; sourceTree = BUILT_PRODUCTS_DIR; };
		3B60238B24D3D6D200E29961 /* AppDelegate.swift */ = {isa = PBXFileReference; lastKnownFileType = sourcecode.swift; path = AppDelegate.swift; sourceTree = "<group>"; };
		3B60238D24D3D6D200E29961 /* ViewController.swift */ = {isa = PBXFileReference; lastKnownFileType = sourcecode.swift; path = ViewController.swift; sourceTree = "<group>"; };
		3B60239024D3D6D200E29961 /* Base */ = {isa = PBXFileReference; lastKnownFileType = file.storyboard; name = Base; path = Base.lproj/Main.storyboard; sourceTree = "<group>"; };
		3B60239324D3D6D200E29961 /* iosGroupProject.xcdatamodel */ = {isa = PBXFileReference; lastKnownFileType = wrapper.xcdatamodel; path = iosGroupProject.xcdatamodel; sourceTree = "<group>"; };
		3B60239524D3D6D600E29961 /* Assets.xcassets */ = {isa = PBXFileReference; lastKnownFileType = folder.assetcatalog; path = Assets.xcassets; sourceTree = "<group>"; };
		3B60239824D3D6D600E29961 /* Base */ = {isa = PBXFileReference; lastKnownFileType = file.storyboard; name = Base; path = Base.lproj/LaunchScreen.storyboard; sourceTree = "<group>"; };
		3B60239A24D3D6D600E29961 /* Info.plist */ = {isa = PBXFileReference; lastKnownFileType = text.plist.xml; path = Info.plist; sourceTree = "<group>"; };
		3B60239F24D3D6D600E29961 /* iosGroupProjectTests.xctest */ = {isa = PBXFileReference; explicitFileType = wrapper.cfbundle; includeInIndex = 0; path = iosGroupProjectTests.xctest; sourceTree = BUILT_PRODUCTS_DIR; };
		3B6023A324D3D6D600E29961 /* iosGroupProjectTests.swift */ = {isa = PBXFileReference; lastKnownFileType = sourcecode.swift; path = iosGroupProjectTests.swift; sourceTree = "<group>"; };
		3B6023A524D3D6D600E29961 /* Info.plist */ = {isa = PBXFileReference; lastKnownFileType = text.plist.xml; path = Info.plist; sourceTree = "<group>"; };
		3B6023AA24D3D6D600E29961 /* iosGroupProjectUITests.xctest */ = {isa = PBXFileReference; explicitFileType = wrapper.cfbundle; includeInIndex = 0; path = iosGroupProjectUITests.xctest; sourceTree = BUILT_PRODUCTS_DIR; };
		3B6023AE24D3D6D600E29961 /* iosGroupProjectUITests.swift */ = {isa = PBXFileReference; lastKnownFileType = sourcecode.swift; path = iosGroupProjectUITests.swift; sourceTree = "<group>"; };
		3B6023B024D3D6D600E29961 /* Info.plist */ = {isa = PBXFileReference; lastKnownFileType = text.plist.xml; path = Info.plist; sourceTree = "<group>"; };
/* End PBXFileReference section */

/* Begin PBXFrameworksBuildPhase section */
		3B60238524D3D6D200E29961 /* Frameworks */ = {
			isa = PBXFrameworksBuildPhase;
			buildActionMask = 2147483647;
			files = (
			);
			runOnlyForDeploymentPostprocessing = 0;
		};
		3B60239C24D3D6D600E29961 /* Frameworks */ = {
			isa = PBXFrameworksBuildPhase;
			buildActionMask = 2147483647;
			files = (
			);
			runOnlyForDeploymentPostprocessing = 0;
		};
		3B6023A724D3D6D600E29961 /* Frameworks */ = {
			isa = PBXFrameworksBuildPhase;
			buildActionMask = 2147483647;
			files = (
			);
			runOnlyForDeploymentPostprocessing = 0;
		};
/* End PBXFrameworksBuildPhase section */

/* Begin PBXGroup section */
		3B60237F24D3D6D200E29961 = {
			isa = PBXGroup;
			children = (
				3B60238A24D3D6D200E29961 /* iosGroupProject */,
				3B6023A224D3D6D600E29961 /* iosGroupProjectTests */,
				3B6023AD24D3D6D600E29961 /* iosGroupProjectUITests */,
				3B60238924D3D6D200E29961 /* Products */,
			);
			sourceTree = "<group>";
		};
		3B60238924D3D6D200E29961 /* Products */ = {
			isa = PBXGroup;
			children = (
				3B60238824D3D6D200E29961 /* iosGroupProject.app */,
				3B60239F24D3D6D600E29961 /* iosGroupProjectTests.xctest */,
				3B6023AA24D3D6D600E29961 /* iosGroupProjectUITests.xctest */,
			);
			name = Products;
			sourceTree = "<group>";
		};
		3B60238A24D3D6D200E29961 /* iosGroupProject */ = {
			isa = PBXGroup;
			children = (
				3B60238B24D3D6D200E29961 /* AppDelegate.swift */,
				3B60238D24D3D6D200E29961 /* ViewController.swift */,
				3B60238F24D3D6D200E29961 /* Main.storyboard */,
				3B60239524D3D6D600E29961 /* Assets.xcassets */,
				3B60239724D3D6D600E29961 /* LaunchScreen.storyboard */,
				3B60239A24D3D6D600E29961 /* Info.plist */,
				3B60239224D3D6D200E29961 /* iosGroupProject.xcdatamodeld */,
			);
			path = iosGroupProject;
			sourceTree = "<group>";
		};
		3B6023A224D3D6D600E29961 /* iosGroupProjectTests */ = {
			isa = PBXGroup;
			children = (
				3B6023A324D3D6D600E29961 /* iosGroupProjectTests.swift */,
				3B6023A524D3D6D600E29961 /* Info.plist */,
			);
			path = iosGroupProjectTests;
			sourceTree = "<group>";
		};
		3B6023AD24D3D6D600E29961 /* iosGroupProjectUITests */ = {
			isa = PBXGroup;
			children = (
				3B6023AE24D3D6D600E29961 /* iosGroupProjectUITests.swift */,
				3B6023B024D3D6D600E29961 /* Info.plist */,
			);
			path = iosGroupProjectUITests;
			sourceTree = "<group>";
		};
/* End PBXGroup section */

/* Begin PBXNativeTarget section */
		3B60238724D3D6D200E29961 /* iosGroupProject */ = {
			isa = PBXNativeTarget;
			buildConfigurationList = 3B6023B324D3D6D600E29961 /* Build configuration list for PBXNativeTarget "iosGroupProject" */;
			buildPhases = (
				3B60238424D3D6D200E29961 /* Sources */,
				3B60238524D3D6D200E29961 /* Frameworks */,
				3B60238624D3D6D200E29961 /* Resources */,
			);
			buildRules = (
			);
			dependencies = (
			);
			name = iosGroupProject;
			productName = iosGroupProject;
			productReference = 3B60238824D3D6D200E29961 /* iosGroupProject.app */;
			productType = "com.apple.product-type.application";
		};
		3B60239E24D3D6D600E29961 /* iosGroupProjectTests */ = {
			isa = PBXNativeTarget;
			buildConfigurationList = 3B6023B624D3D6D600E29961 /* Build configuration list for PBXNativeTarget "iosGroupProjectTests" */;
			buildPhases = (
				3B60239B24D3D6D600E29961 /* Sources */,
				3B60239C24D3D6D600E29961 /* Frameworks */,
				3B60239D24D3D6D600E29961 /* Resources */,
			);
			buildRules = (
			);
			dependencies = (
				3B6023A124D3D6D600E29961 /* PBXTargetDependency */,
			);
			name = iosGroupProjectTests;
			productName = iosGroupProjectTests;
			productReference = 3B60239F24D3D6D600E29961 /* iosGroupProjectTests.xctest */;
			productType = "com.apple.product-type.bundle.unit-test";
		};
		3B6023A924D3D6D600E29961 /* iosGroupProjectUITests */ = {
			isa = PBXNativeTarget;
			buildConfigurationList = 3B6023B924D3D6D600E29961 /* Build configuration list for PBXNativeTarget "iosGroupProjectUITests" */;
			buildPhases = (
				3B6023A624D3D6D600E29961 /* Sources */,
				3B6023A724D3D6D600E29961 /* Frameworks */,
				3B6023A824D3D6D600E29961 /* Resources */,
			);
			buildRules = (
			);
			dependencies = (
				3B6023AC24D3D6D600E29961 /* PBXTargetDependency */,
			);
			name = iosGroupProjectUITests;
			productName = iosGroupProjectUITests;
			productReference = 3B6023AA24D3D6D600E29961 /* iosGroupProjectUITests.xctest */;
			productType = "com.apple.product-type.bundle.ui-testing";
		};
/* End PBXNativeTarget section */

/* Begin PBXProject section */
		3B60238024D3D6D200E29961 /* Project object */ = {
			isa = PBXProject;
			attributes = {
				LastSwiftUpdateCheck = 1030;
				LastUpgradeCheck = 1030;
				ORGANIZATIONNAME = "Rakibul Hasan";
				TargetAttributes = {
					3B60238724D3D6D200E29961 = {
						CreatedOnToolsVersion = 10.3;
					};
					3B60239E24D3D6D600E29961 = {
						CreatedOnToolsVersion = 10.3;
						TestTargetID = 3B60238724D3D6D200E29961;
					};
					3B6023A924D3D6D600E29961 = {
						CreatedOnToolsVersion = 10.3;
						TestTargetID = 3B60238724D3D6D200E29961;
					};
				};
			};
			buildConfigurationList = 3B60238324D3D6D200E29961 /* Build configuration list for PBXProject "iosGroupProject" */;
			compatibilityVersion = "Xcode 9.3";
			developmentRegion = en;
			hasScannedForEncodings = 0;
			knownRegions = (
				en,
				Base,
			);
			mainGroup = 3B60237F24D3D6D200E29961;
			productRefGroup = 3B60238924D3D6D200E29961 /* Products */;
			projectDirPath = "";
			projectRoot = "";
			targets = (
				3B60238724D3D6D200E29961 /* iosGroupProject */,
				3B60239E24D3D6D600E29961 /* iosGroupProjectTests */,
				3B6023A924D3D6D600E29961 /* iosGroupProjectUITests */,
			);
		};
/* End PBXProject section */

/* Begin PBXResourcesBuildPhase section */
		3B60238624D3D6D200E29961 /* Resources */ = {
			isa = PBXResourcesBuildPhase;
			buildActionMask = 2147483647;
			files = (
				3B60239924D3D6D600E29961 /* LaunchScreen.storyboard in Resources */,
				3B60239624D3D6D600E29961 /* Assets.xcassets in Resources */,
				3B60239124D3D6D200E29961 /* Main.storyboard in Resources */,
			);
			runOnlyForDeploymentPostprocessing = 0;
		};
		3B60239D24D3D6D600E29961 /* Resources */ = {
			isa = PBXResourcesBuildPhase;
			buildActionMask = 2147483647;
			files = (
			);
			runOnlyForDeploymentPostprocessing = 0;
		};
		3B6023A824D3D6D600E29961 /* Resources */ = {
			isa = PBXResourcesBuildPhase;
			buildActionMask = 2147483647;
			files = (
			);
			runOnlyForDeploymentPostprocessing = 0;
		};
/* End PBXResourcesBuildPhase section */

/* Begin PBXSourcesBuildPhase section */
		3B60238424D3D6D200E29961 /* Sources */ = {
			isa = PBXSourcesBuildPhase;
			buildActionMask = 2147483647;
			files = (
				3B60238E24D3D6D200E29961 /* ViewController.swift in Sources */,
				3B60239424D3D6D200E29961 /* iosGroupProject.xcdatamodeld in Sources */,
				3B60238C24D3D6D200E29961 /* AppDelegate.swift in Sources */,
			);
			runOnlyForDeploymentPostprocessing = 0;
		};
		3B60239B24D3D6D600E29961 /* Sources */ = {
			isa = PBXSourcesBuildPhase;
			buildActionMask = 2147483647;
			files = (
				3B6023A424D3D6D600E29961 /* iosGroupProjectTests.swift in Sources */,
			);
			runOnlyForDeploymentPostprocessing = 0;
		};
		3B6023A624D3D6D600E29961 /* Sources */ = {
			isa = PBXSourcesBuildPhase;
			buildActionMask = 2147483647;
			files = (
				3B6023AF24D3D6D600E29961 /* iosGroupProjectUITests.swift in Sources */,
			);
			runOnlyForDeploymentPostprocessing = 0;
		};
/* End PBXSourcesBuildPhase section */

/* Begin PBXTargetDependency section */
		3B6023A124D3D6D600E29961 /* PBXTargetDependency */ = {
			isa = PBXTargetDependency;
			target = 3B60238724D3D6D200E29961 /* iosGroupProject */;
			targetProxy = 3B6023A024D3D6D600E29961 /* PBXContainerItemProxy */;
		};
		3B6023AC24D3D6D600E29961 /* PBXTargetDependency */ = {
			isa = PBXTargetDependency;
			target = 3B60238724D3D6D200E29961 /* iosGroupProject */;
			targetProxy = 3B6023AB24D3D6D600E29961 /* PBXContainerItemProxy */;
		};
/* End PBXTargetDependency section */

/* Begin PBXVariantGroup section */
		3B60238F24D3D6D200E29961 /* Main.storyboard */ = {
			isa = PBXVariantGroup;
			children = (
				3B60239024D3D6D200E29961 /* Base */,
			);
			name = Main.storyboard;
			sourceTree = "<group>";
		};
		3B60239724D3D6D600E29961 /* LaunchScreen.storyboard */ = {
			isa = PBXVariantGroup;
			children = (
				3B60239824D3D6D600E29961 /* Base */,
			);
			name = LaunchScreen.storyboard;
			sourceTree = "<group>";
		};
/* End PBXVariantGroup section */

/* Begin XCBuildConfiguration section */
		3B6023B124D3D6D600E29961 /* Debug */ = {
			isa = XCBuildConfiguration;
			buildSettings = {
				ALWAYS_SEARCH_USER_PATHS = NO;
				CLANG_ANALYZER_NONNULL = YES;
				CLANG_ANALYZER_NUMBER_OBJECT_CONVERSION = YES_AGGRESSIVE;
				CLANG_CXX_LANGUAGE_STANDARD = "gnu++14";
				CLANG_CXX_LIBRARY = "libc++";
				CLANG_ENABLE_MODULES = YES;
				CLANG_ENABLE_OBJC_ARC = YES;
				CLANG_ENABLE_OBJC_WEAK = YES;
				CLANG_WARN_BLOCK_CAPTURE_AUTORELEASING = YES;
				CLANG_WARN_BOOL_CONVERSION = YES;
				CLANG_WARN_COMMA = YES;
				CLANG_WARN_CONSTANT_CONVERSION = YES;
				CLANG_WARN_DEPRECATED_OBJC_IMPLEMENTATIONS = YES;
				CLANG_WARN_DIRECT_OBJC_ISA_USAGE = YES_ERROR;
				CLANG_WARN_DOCUMENTATION_COMMENTS = YES;
				CLANG_WARN_EMPTY_BODY = YES;
				CLANG_WARN_ENUM_CONVERSION = YES;
				CLANG_WARN_INFINITE_RECURSION = YES;
				CLANG_WARN_INT_CONVERSION = YES;
				CLANG_WARN_NON_LITERAL_NULL_CONVERSION = YES;
				CLANG_WARN_OBJC_IMPLICIT_RETAIN_SELF = YES;
				CLANG_WARN_OBJC_LITERAL_CONVERSION = YES;
				CLANG_WARN_OBJC_ROOT_CLASS = YES_ERROR;
				CLANG_WARN_RANGE_LOOP_ANALYSIS = YES;
				CLANG_WARN_STRICT_PROTOTYPES = YES;
				CLANG_WARN_SUSPICIOUS_MOVE = YES;
				CLANG_WARN_UNGUARDED_AVAILABILITY = YES_AGGRESSIVE;
				CLANG_WARN_UNREACHABLE_CODE = YES;
				CLANG_WARN__DUPLICATE_METHOD_MATCH = YES;
				CODE_SIGN_IDENTITY = "iPhone Developer";
				COPY_PHASE_STRIP = NO;
				DEBUG_INFORMATION_FORMAT = dwarf;
				ENABLE_STRICT_OBJC_MSGSEND = YES;
				ENABLE_TESTABILITY = YES;
				GCC_C_LANGUAGE_STANDARD = gnu11;
				GCC_DYNAMIC_NO_PIC = NO;
				GCC_NO_COMMON_BLOCKS = YES;
				GCC_OPTIMIZATION_LEVEL = 0;
				GCC_PREPROCESSOR_DEFINITIONS = (
					"DEBUG=1",
					"$(inherited)",
				);
				GCC_WARN_64_TO_32_BIT_CONVERSION = YES;
				GCC_WARN_ABOUT_RETURN_TYPE = YES_ERROR;
				GCC_WARN_UNDECLARED_SELECTOR = YES;
				GCC_WARN_UNINITIALIZED_AUTOS = YES_AGGRESSIVE;
				GCC_WARN_UNUSED_FUNCTION = YES;
				GCC_WARN_UNUSED_VARIABLE = YES;
				IPHONEOS_DEPLOYMENT_TARGET = 12.4;
				MTL_ENABLE_DEBUG_INFO = INCLUDE_SOURCE;
				MTL_FAST_MATH = YES;
				ONLY_ACTIVE_ARCH = YES;
				SDKROOT = iphoneos;
				SWIFT_ACTIVE_COMPILATION_CONDITIONS = DEBUG;
				SWIFT_OPTIMIZATION_LEVEL = "-Onone";
			};
			name = Debug;
		};
		3B6023B224D3D6D600E29961 /* Release */ = {
			isa = XCBuildConfiguration;
			buildSettings = {
				ALWAYS_SEARCH_USER_PATHS = NO;
				CLANG_ANALYZER_NONNULL = YES;
				CLANG_ANALYZER_NUMBER_OBJECT_CONVERSION = YES_AGGRESSIVE;
				CLANG_CXX_LANGUAGE_STANDARD = "gnu++14";
				CLANG_CXX_LIBRARY = "libc++";
				CLANG_ENABLE_MODULES = YES;
				CLANG_ENABLE_OBJC_ARC = YES;
				CLANG_ENABLE_OBJC_WEAK = YES;
				CLANG_WARN_BLOCK_CAPTURE_AUTORELEASING = YES;
				CLANG_WARN_BOOL_CONVERSION = YES;
				CLANG_WARN_COMMA = YES;
				CLANG_WARN_CONSTANT_CONVERSION = YES;
				CLANG_WARN_DEPRECATED_OBJC_IMPLEMENTATIONS = YES;
				CLANG_WARN_DIRECT_OBJC_ISA_USAGE = YES_ERROR;
				CLANG_WARN_DOCUMENTATION_COMMENTS = YES;
				CLANG_WARN_EMPTY_BODY = YES;
				CLANG_WARN_ENUM_CONVERSION = YES;
				CLANG_WARN_INFINITE_RECURSION = YES;
				CLANG_WARN_INT_CONVERSION = YES;
				CLANG_WARN_NON_LITERAL_NULL_CONVERSION = YES;
				CLANG_WARN_OBJC_IMPLICIT_RETAIN_SELF = YES;
				CLANG_WARN_OBJC_LITERAL_CONVERSION = YES;
				CLANG_WARN_OBJC_ROOT_CLASS = YES_ERROR;
				CLANG_WARN_RANGE_LOOP_ANALYSIS = YES;
				CLANG_WARN_STRICT_PROTOTYPES = YES;
				CLANG_WARN_SUSPICIOUS_MOVE = YES;
				CLANG_WARN_UNGUARDED_AVAILABILITY = YES_AGGRESSIVE;
				CLANG_WARN_UNREACHABLE_CODE = YES;
				CLANG_WARN__DUPLICATE_METHOD_MATCH = YES;
				CODE_SIGN_IDENTITY = "iPhone Developer";
				COPY_PHASE_STRIP = NO;
				DEBUG_INFORMATION_FORMAT = "dwarf-with-dsym";
				ENABLE_NS_ASSERTIONS = NO;
				ENABLE_STRICT_OBJC_MSGSEND = YES;
				GCC_C_LANGUAGE_STANDARD = gnu11;
				GCC_NO_COMMON_BLOCKS = YES;
				GCC_WARN_64_TO_32_BIT_CONVERSION = YES;
				GCC_WARN_ABOUT_RETURN_TYPE = YES_ERROR;
				GCC_WARN_UNDECLARED_SELECTOR = YES;
				GCC_WARN_UNINITIALIZED_AUTOS = YES_AGGRESSIVE;
				GCC_WARN_UNUSED_FUNCTION = YES;
				GCC_WARN_UNUSED_VARIABLE = YES;
				IPHONEOS_DEPLOYMENT_TARGET = 12.4;
				MTL_ENABLE_DEBUG_INFO = NO;
				MTL_FAST_MATH = YES;
				SDKROOT = iphoneos;
				SWIFT_COMPILATION_MODE = wholemodule;
				SWIFT_OPTIMIZATION_LEVEL = "-O";
				VALIDATE_PRODUCT = YES;
			};
			name = Release;
		};
		3B6023B424D3D6D600E29961 /* Debug */ = {
			isa = XCBuildConfiguration;
			buildSettings = {
				ASSETCATALOG_COMPILER_APPICON_NAME = AppIcon;
				CODE_SIGN_STYLE = Automatic;
				INFOPLIST_FILE = iosGroupProject/Info.plist;
				LD_RUNPATH_SEARCH_PATHS = (
					"$(inherited)",
					"@executable_path/Frameworks",
				);
				PRODUCT_BUNDLE_IDENTIFIER = cosc2472.iosGroupProject;
				PRODUCT_NAME = "$(TARGET_NAME)";
				SWIFT_VERSION = 5.0;
				TARGETED_DEVICE_FAMILY = "1,2";
			};
			name = Debug;
		};
		3B6023B524D3D6D600E29961 /* Release */ = {
			isa = XCBuildConfiguration;
			buildSettings = {
				ASSETCATALOG_COMPILER_APPICON_NAME = AppIcon;
				CODE_SIGN_STYLE = Automatic;
				INFOPLIST_FILE = iosGroupProject/Info.plist;
				LD_RUNPATH_SEARCH_PATHS = (
					"$(inherited)",
					"@executable_path/Frameworks",
				);
				PRODUCT_BUNDLE_IDENTIFIER = cosc2472.iosGroupProject;
				PRODUCT_NAME = "$(TARGET_NAME)";
				SWIFT_VERSION = 5.0;
				TARGETED_DEVICE_FAMILY = "1,2";
			};
			name = Release;
		};
		3B6023B724D3D6D600E29961 /* Debug */ = {
			isa = XCBuildConfiguration;
			buildSettings = {
				ALWAYS_EMBED_SWIFT_STANDARD_LIBRARIES = YES;
				BUNDLE_LOADER = "$(TEST_HOST)";
				CODE_SIGN_STYLE = Automatic;
				INFOPLIST_FILE = iosGroupProjectTests/Info.plist;
				LD_RUNPATH_SEARCH_PATHS = (
					"$(inherited)",
					"@executable_path/Frameworks",
					"@loader_path/Frameworks",
				);
				PRODUCT_BUNDLE_IDENTIFIER = cosc2472.iosGroupProjectTests;
				PRODUCT_NAME = "$(TARGET_NAME)";
				SWIFT_VERSION = 5.0;
				TARGETED_DEVICE_FAMILY = "1,2";
				TEST_HOST = "$(BUILT_PRODUCTS_DIR)/iosGroupProject.app/iosGroupProject";
			};
			name = Debug;
		};
		3B6023B824D3D6D600E29961 /* Release */ = {
			isa = XCBuildConfiguration;
			buildSettings = {
				ALWAYS_EMBED_SWIFT_STANDARD_LIBRARIES = YES;
				BUNDLE_LOADER = "$(TEST_HOST)";
				CODE_SIGN_STYLE = Automatic;
				INFOPLIST_FILE = iosGroupProjectTests/Info.plist;
				LD_RUNPATH_SEARCH_PATHS = (
					"$(inherited)",
					"@executable_path/Frameworks",
					"@loader_path/Frameworks",
				);
				PRODUCT_BUNDLE_IDENTIFIER = cosc2472.iosGroupProjectTests;
				PRODUCT_NAME = "$(TARGET_NAME)";
				SWIFT_VERSION = 5.0;
				TARGETED_DEVICE_FAMILY = "1,2";
				TEST_HOST = "$(BUILT_PRODUCTS_DIR)/iosGroupProject.app/iosGroupProject";
			};
			name = Release;
		};
		3B6023BA24D3D6D600E29961 /* Debug */ = {
			isa = XCBuildConfiguration;
			buildSettings = {
				ALWAYS_EMBED_SWIFT_STANDARD_LIBRARIES = YES;
				CODE_SIGN_STYLE = Automatic;
				INFOPLIST_FILE = iosGroupProjectUITests/Info.plist;
				LD_RUNPATH_SEARCH_PATHS = (
					"$(inherited)",
					"@executable_path/Frameworks",
					"@loader_path/Frameworks",
				);
				PRODUCT_BUNDLE_IDENTIFIER = cosc2472.iosGroupProjectUITests;
				PRODUCT_NAME = "$(TARGET_NAME)";
				SWIFT_VERSION = 5.0;
				TARGETED_DEVICE_FAMILY = "1,2";
				TEST_TARGET_NAME = iosGroupProject;
			};
			name = Debug;
		};
		3B6023BB24D3D6D600E29961 /* Release */ = {
			isa = XCBuildConfiguration;
			buildSettings = {
				ALWAYS_EMBED_SWIFT_STANDARD_LIBRARIES = YES;
				CODE_SIGN_STYLE = Automatic;
				INFOPLIST_FILE = iosGroupProjectUITests/Info.plist;
				LD_RUNPATH_SEARCH_PATHS = (
					"$(inherited)",
					"@executable_path/Frameworks",
					"@loader_path/Frameworks",
				);
				PRODUCT_BUNDLE_IDENTIFIER = cosc2472.iosGroupProjectUITests;
				PRODUCT_NAME = "$(TARGET_NAME)";
				SWIFT_VERSION = 5.0;
				TARGETED_DEVICE_FAMILY = "1,2";
				TEST_TARGET_NAME = iosGroupProject;
			};
			name = Release;
		};
/* End XCBuildConfiguration section */

/* Begin XCConfigurationList section */
		3B60238324D3D6D200E29961 /* Build configuration list for PBXProject "iosGroupProject" */ = {
			isa = XCConfigurationList;
			buildConfigurations = (
				3B6023B124D3D6D600E29961 /* Debug */,
				3B6023B224D3D6D600E29961 /* Release */,
			);
			defaultConfigurationIsVisible = 0;
			defaultConfigurationName = Release;
		};
		3B6023B324D3D6D600E29961 /* Build configuration list for PBXNativeTarget "iosGroupProject" */ = {
			isa = XCConfigurationList;
			buildConfigurations = (
				3B6023B424D3D6D600E29961 /* Debug */,
				3B6023B524D3D6D600E29961 /* Release */,
			);
			defaultConfigurationIsVisible = 0;
			defaultConfigurationName = Release;
		};
		3B6023B624D3D6D600E29961 /* Build configuration list for PBXNativeTarget "iosGroupProjectTests" */ = {
			isa = XCConfigurationList;
			buildConfigurations = (
				3B6023B724D3D6D600E29961 /* Debug */,
				3B6023B824D3D6D600E29961 /* Release */,
			);
			defaultConfigurationIsVisible = 0;
			defaultConfigurationName = Release;
		};
		3B6023B924D3D6D600E29961 /* Build configuration list for PBXNativeTarget "iosGroupProjectUITests" */ = {
			isa = XCConfigurationList;
			buildConfigurations = (
				3B6023BA24D3D6D600E29961 /* Debug */,
				3B6023BB24D3D6D600E29961 /* Release */,
			);
			defaultConfigurationIsVisible = 0;
			defaultConfigurationName = Release;
		};
/* End XCConfigurationList section */

/* Begin XCVersionGroup section */
		3B60239224D3D6D200E29961 /* iosGroupProject.xcdatamodeld */ = {
			isa = XCVersionGroup;
			children = (
				3B60239324D3D6D200E29961 /* iosGroupProject.xcdatamodel */,
			);
			currentVersion = 3B60239324D3D6D200E29961 /* iosGroupProject.xcdatamodel */;
			path = iosGroupProject.xcdatamodeld;
			sourceTree = "<group>";
			versionGroupType = wrapper.xcdatamodel;
		};
/* End XCVersionGroup section */
	};
	rootObject = 3B60238024D3D6D200E29961 /* Project object */;
}
